
Microsoft Visual Studio Solution File, Format Version 12.00
# Visual Studio Version 16
VisualStudioVersion = 16.0.31702.278
MinimumVisualStudioVersion = 10.0.40219.1
Project("{FAE04EC0-301F-11D3-BF4B-00C04F79EFBC}") = "lesson17", "lesson17\lesson17.csproj", "{C8E9D55A-8CF4-4521-A00C-439EC8BA3F19}"
EndProject
Global
	GlobalSection(SolutionConfigurationPlatforms) = preSolution
		Debug|Any CPU = Debug|Any CPU
		Release|Any CPU = Release|Any CPU
	EndGlobalSection
	GlobalSection(ProjectConfigurationPlatforms) = postSolution
		{C8E9D55A-8CF4-4521-A00C-439EC8BA3F19}.Debug|Any CPU.ActiveCfg = Debug|Any CPU
		{C8E9D55A-8CF4-4521-A00C-439EC8BA3F19}.Debug|Any CPU.Build.0 = Debug|Any CPU
		{C8E9D55A-8CF4-4521-A00C-439EC8BA3F19}.Release|Any CPU.ActiveCfg = Release|Any CPU
		{C8E9D55A-8CF4-4521-A00C-439EC8BA3F19}.Release|Any CPU.Build.0 = Release|Any CPU
	EndGlobalSection
	GlobalSection(SolutionProperties) = preSolution
		HideSolutionNode = FALSE
	EndGlobalSection
	GlobalSection(ExtensibilityGlobals) = postSolution
		SolutionGuid = {72F5888C-DD96-44E5-AAF0-B4035953648D}
	EndGlobalSection
EndGlobal
